
Microsoft Visual Studio Solution File, Format Version 12.00
# Visual Studio 15
VisualStudioVersion = 15.0.28307.168
MinimumVisualStudioVersion = 10.0.40219.1
Project("{FAE04EC0-301F-11D3-BF4B-00C04F79EFBC}") = "temp", "temp\temp.csproj", "{B25D9383-DFB9-4733-B048-9E2FFB014066}"
EndProject
Global
	GlobalSection(SolutionConfigurationPlatforms) = preSolution
		Debug|Any CPU = Debug|Any CPU
		Release|Any CPU = Release|Any CPU
	EndGlobalSection
	GlobalSection(ProjectConfigurationPlatforms) = postSolution
		{B25D9383-DFB9-4733-B048-9E2FFB014066}.Debug|Any CPU.ActiveCfg = Debug|Any CPU
		{B25D9383-DFB9-4733-B048-9E2FFB014066}.Debug|Any CPU.Build.0 = Debug|Any CPU
		{B25D9383-DFB9-4733-B048-9E2FFB014066}.Release|Any CPU.ActiveCfg = Release|Any CPU
		{B25D9383-DFB9-4733-B048-9E2FFB014066}.Release|Any CPU.Build.0 = Release|Any CPU
	EndGlobalSection
	GlobalSection(SolutionProperties) = preSolution
		HideSolutionNode = FALSE
	EndGlobalSection
	GlobalSection(ExtensibilityGlobals) = postSolution
		SolutionGuid = {CDDAB7B4-9F30-4E6B-9BE9-3B929C1B8B79}
	EndGlobalSection
EndGlobal
